// !$*UTF8*$!
{
	archiveVersion = 1;
	classes = {
	};
	objectVersion = 50;
	objects = {

/* Begin PBXBuildFile section */
		053DA241225653DB0099A950 /* AppDelegate.swift in Sources */ = {isa = PBXBuildFile; fileRef = 053DA240225653DB0099A950 /* AppDelegate.swift */; };
		053DA243225653DB0099A950 /* TodoListViewController.swift in Sources */ = {isa = PBXBuildFile; fileRef = 053DA242225653DB0099A950 /* TodoListViewController.swift */; };
		053DA246225653DB0099A950 /* Main.storyboard in Resources */ = {isa = PBXBuildFile; fileRef = 053DA244225653DB0099A950 /* Main.storyboard */; };
		053DA249225653DB0099A950 /* CoreDataPractice.xcdatamodeld in Sources */ = {isa = PBXBuildFile; fileRef = 053DA247225653DB0099A950 /* CoreDataPractice.xcdatamodeld */; };
		053DA24B225653DC0099A950 /* Assets.xcassets in Resources */ = {isa = PBXBuildFile; fileRef = 053DA24A225653DC0099A950 /* Assets.xcassets */; };
		053DA24E225653DC0099A950 /* LaunchScreen.storyboard in Resources */ = {isa = PBXBuildFile; fileRef = 053DA24C225653DC0099A950 /* LaunchScreen.storyboard */; };
		053DA259225653DC0099A950 /* CoreDataPracticeTests.swift in Sources */ = {isa = PBXBuildFile; fileRef = 053DA258225653DC0099A950 /* CoreDataPracticeTests.swift */; };
		053DA264225653DC0099A950 /* CoreDataPracticeUITests.swift in Sources */ = {isa = PBXBuildFile; fileRef = 053DA263225653DC0099A950 /* CoreDataPracticeUITests.swift */; };
		053DA27822569ACA0099A950 /* CategoryViewController.swift in Sources */ = {isa = PBXBuildFile; fileRef = 053DA27722569ACA0099A950 /* CategoryViewController.swift */; };
/* End PBXBuildFile section */

/* Begin PBXContainerItemProxy section */
		053DA255225653DC0099A950 /* PBXContainerItemProxy */ = {
			isa = PBXContainerItemProxy;
			containerPortal = 053DA235225653DB0099A950 /* Project object */;
			proxyType = 1;
			remoteGlobalIDString = 053DA23C225653DB0099A950;
			remoteInfo = CoreDataPractice;
		};
		053DA260225653DC0099A950 /* PBXContainerItemProxy */ = {
			isa = PBXContainerItemProxy;
			containerPortal = 053DA235225653DB0099A950 /* Project object */;
			proxyType = 1;
			remoteGlobalIDString = 053DA23C225653DB0099A950;
			remoteInfo = CoreDataPractice;
		};
/* End PBXContainerItemProxy section */

/* Begin PBXFileReference section */
		053DA23D225653DB0099A950 /* CoreDataPractice.app */ = {isa = PBXFileReference; explicitFileType = wrapper.application; includeInIndex = 0; path = CoreDataPractice.app; sourceTree = BUILT_PRODUCTS_DIR; };
		053DA240225653DB0099A950 /* AppDelegate.swift */ = {isa = PBXFileReference; lastKnownFileType = sourcecode.swift; path = AppDelegate.swift; sourceTree = "<group>"; };
		053DA242225653DB0099A950 /* TodoListViewController.swift */ = {isa = PBXFileReference; lastKnownFileType = sourcecode.swift; path = TodoListViewController.swift; sourceTree = "<group>"; };
		053DA245225653DB0099A950 /* Base */ = {isa = PBXFileReference; lastKnownFileType = file.storyboard; name = Base; path = Base.lproj/Main.storyboard; sourceTree = "<group>"; };
		053DA248225653DB0099A950 /* CoreDataPractice.xcdatamodel */ = {isa = PBXFileReference; lastKnownFileType = wrapper.xcdatamodel; path = CoreDataPractice.xcdatamodel; sourceTree = "<group>"; };
		053DA24A225653DC0099A950 /* Assets.xcassets */ = {isa = PBXFileReference; lastKnownFileType = folder.assetcatalog; path = Assets.xcassets; sourceTree = "<group>"; };
		053DA24D225653DC0099A950 /* Base */ = {isa = PBXFileReference; lastKnownFileType = file.storyboard; name = Base; path = Base.lproj/LaunchScreen.storyboard; sourceTree = "<group>"; };
		053DA24F225653DC0099A950 /* Info.plist */ = {isa = PBXFileReference; lastKnownFileType = text.plist.xml; path = Info.plist; sourceTree = "<group>"; };
		053DA254225653DC0099A950 /* CoreDataPracticeTests.xctest */ = {isa = PBXFileReference; explicitFileType = wrapper.cfbundle; includeInIndex = 0; path = CoreDataPracticeTests.xctest; sourceTree = BUILT_PRODUCTS_DIR; };
		053DA258225653DC0099A950 /* CoreDataPracticeTests.swift */ = {isa = PBXFileReference; lastKnownFileType = sourcecode.swift; path = CoreDataPracticeTests.swift; sourceTree = "<group>"; };
		053DA25A225653DC0099A950 /* Info.plist */ = {isa = PBXFileReference; lastKnownFileType = text.plist.xml; path = Info.plist; sourceTree = "<group>"; };
		053DA25F225653DC0099A950 /* CoreDataPracticeUITests.xctest */ = {isa = PBXFileReference; explicitFileType = wrapper.cfbundle; includeInIndex = 0; path = CoreDataPracticeUITests.xctest; sourceTree = BUILT_PRODUCTS_DIR; };
		053DA263225653DC0099A950 /* CoreDataPracticeUITests.swift */ = {isa = PBXFileReference; lastKnownFileType = sourcecode.swift; path = CoreDataPracticeUITests.swift; sourceTree = "<group>"; };
		053DA265225653DC0099A950 /* Info.plist */ = {isa = PBXFileReference; lastKnownFileType = text.plist.xml; path = Info.plist; sourceTree = "<group>"; };
		053DA27722569ACA0099A950 /* CategoryViewController.swift */ = {isa = PBXFileReference; lastKnownFileType = sourcecode.swift; path = CategoryViewController.swift; sourceTree = "<group>"; };
/* End PBXFileReference section */

/* Begin PBXFrameworksBuildPhase section */
		053DA23A225653DB0099A950 /* Frameworks */ = {
			isa = PBXFrameworksBuildPhase;
			buildActionMask = 2147483647;
			files = (
			);
			runOnlyForDeploymentPostprocessing = 0;
		};
		053DA251225653DC0099A950 /* Frameworks */ = {
			isa = PBXFrameworksBuildPhase;
			buildActionMask = 2147483647;
			files = (
			);
			runOnlyForDeploymentPostprocessing = 0;
		};
		053DA25C225653DC0099A950 /* Frameworks */ = {
			isa = PBXFrameworksBuildPhase;
			buildActionMask = 2147483647;
			files = (
			);
			runOnlyForDeploymentPostprocessing = 0;
		};
/* End PBXFrameworksBuildPhase section */

/* Begin PBXGroup section */
		053DA234225653DB0099A950 = {
			isa = PBXGroup;
			children = (
				053DA23F225653DB0099A950 /* CoreDataPractice */,
				053DA257225653DC0099A950 /* CoreDataPracticeTests */,
				053DA262225653DC0099A950 /* CoreDataPracticeUITests */,
				053DA23E225653DB0099A950 /* Products */,
			);
			sourceTree = "<group>";
		};
		053DA23E225653DB0099A950 /* Products */ = {
			isa = PBXGroup;
			children = (
				053DA23D225653DB0099A950 /* CoreDataPractice.app */,
				053DA254225653DC0099A950 /* CoreDataPracticeTests.xctest */,
				053DA25F225653DC0099A950 /* CoreDataPracticeUITests.xctest */,
			);
			name = Products;
			sourceTree = "<group>";
		};
		053DA23F225653DB0099A950 /* CoreDataPractice */ = {
			isa = PBXGroup;
			children = (
				053DA276225661CA0099A950 /* Views */,
				053DA274225661AA0099A950 /* Controllers */,
				053DA2732256619F0099A950 /* Data Model */,
				053DA275225661C20099A950 /* Supports Files */,
				053DA24F225653DC0099A950 /* Info.plist */,
			);
			path = CoreDataPractice;
			sourceTree = "<group>";
		};
		053DA257225653DC0099A950 /* CoreDataPracticeTests */ = {
			isa = PBXGroup;
			children = (
				053DA258225653DC0099A950 /* CoreDataPracticeTests.swift */,
				053DA25A225653DC0099A950 /* Info.plist */,
			);
			path = CoreDataPracticeTests;
			sourceTree = "<group>";
		};
		053DA262225653DC0099A950 /* CoreDataPracticeUITests */ = {
			isa = PBXGroup;
			children = (
				053DA263225653DC0099A950 /* CoreDataPracticeUITests.swift */,
				053DA265225653DC0099A950 /* Info.plist */,
			);
			path = CoreDataPracticeUITests;
			sourceTree = "<group>";
		};
		053DA2732256619F0099A950 /* Data Model */ = {
			isa = PBXGroup;
			children = (
				053DA247225653DB0099A950 /* CoreDataPractice.xcdatamodeld */,
			);
			path = "Data Model";
			sourceTree = "<group>";
		};
		053DA274225661AA0099A950 /* Controllers */ = {
			isa = PBXGroup;
			children = (
				053DA27722569ACA0099A950 /* CategoryViewController.swift */,
				053DA242225653DB0099A950 /* TodoListViewController.swift */,
			);
			path = Controllers;
			sourceTree = "<group>";
		};
		053DA275225661C20099A950 /* Supports Files */ = {
			isa = PBXGroup;
			children = (
				053DA240225653DB0099A950 /* AppDelegate.swift */,
				053DA24A225653DC0099A950 /* Assets.xcassets */,
				053DA24C225653DC0099A950 /* LaunchScreen.storyboard */,
			);
			path = "Supports Files";
			sourceTree = "<group>";
		};
		053DA276225661CA0099A950 /* Views */ = {
			isa = PBXGroup;
			children = (
				053DA244225653DB0099A950 /* Main.storyboard */,
			);
			path = Views;
			sourceTree = "<group>";
		};
/* End PBXGroup section */

/* Begin PBXNativeTarget section */
		053DA23C225653DB0099A950 /* CoreDataPractice */ = {
			isa = PBXNativeTarget;
			buildConfigurationList = 053DA268225653DC0099A950 /* Build configuration list for PBXNativeTarget "CoreDataPractice" */;
			buildPhases = (
				053DA239225653DB0099A950 /* Sources */,
				053DA23A225653DB0099A950 /* Frameworks */,
				053DA23B225653DB0099A950 /* Resources */,
			);
			buildRules = (
			);
			dependencies = (
			);
			name = CoreDataPractice;
			productName = CoreDataPractice;
			productReference = 053DA23D225653DB0099A950 /* CoreDataPractice.app */;
			productType = "com.apple.product-type.application";
		};
		053DA253225653DC0099A950 /* CoreDataPracticeTests */ = {
			isa = PBXNativeTarget;
			buildConfigurationList = 053DA26B225653DC0099A950 /* Build configuration list for PBXNativeTarget "CoreDataPracticeTests" */;
			buildPhases = (
				053DA250225653DC0099A950 /* Sources */,
				053DA251225653DC0099A950 /* Frameworks */,
				053DA252225653DC0099A950 /* Resources */,
			);
			buildRules = (
			);
			dependencies = (
				053DA256225653DC0099A950 /* PBXTargetDependency */,
			);
			name = CoreDataPracticeTests;
			productName = CoreDataPracticeTests;
			productReference = 053DA254225653DC0099A950 /* CoreDataPracticeTests.xctest */;
			productType = "com.apple.product-type.bundle.unit-test";
		};
		053DA25E225653DC0099A950 /* CoreDataPracticeUITests */ = {
			isa = PBXNativeTarget;
			buildConfigurationList = 053DA26E225653DC0099A950 /* Build configuration list for PBXNativeTarget "CoreDataPracticeUITests" */;
			buildPhases = (
				053DA25B225653DC0099A950 /* Sources */,
				053DA25C225653DC0099A950 /* Frameworks */,
				053DA25D225653DC0099A950 /* Resources */,
			);
			buildRules = (
			);
			dependencies = (
				053DA261225653DC0099A950 /* PBXTargetDependency */,
			);
			name = CoreDataPracticeUITests;
			productName = CoreDataPracticeUITests;
			productReference = 053DA25F225653DC0099A950 /* CoreDataPracticeUITests.xctest */;
			productType = "com.apple.product-type.bundle.ui-testing";
		};
/* End PBXNativeTarget section */

/* Begin PBXProject section */
		053DA235225653DB0099A950 /* Project object */ = {
			isa = PBXProject;
			attributes = {
				LastSwiftUpdateCheck = 1020;
				LastUpgradeCheck = 1020;
				ORGANIZATIONNAME = "Scott OToole";
				TargetAttributes = {
					053DA23C225653DB0099A950 = {
						CreatedOnToolsVersion = 10.2;
					};
					053DA253225653DC0099A950 = {
						CreatedOnToolsVersion = 10.2;
						TestTargetID = 053DA23C225653DB0099A950;
					};
					053DA25E225653DC0099A950 = {
						CreatedOnToolsVersion = 10.2;
						TestTargetID = 053DA23C225653DB0099A950;
					};
				};
			};
			buildConfigurationList = 053DA238225653DB0099A950 /* Build configuration list for PBXProject "CoreDataPractice" */;
			compatibilityVersion = "Xcode 9.3";
			developmentRegion = en;
			hasScannedForEncodings = 0;
			knownRegions = (
				en,
				Base,
			);
			mainGroup = 053DA234225653DB0099A950;
			productRefGroup = 053DA23E225653DB0099A950 /* Products */;
			projectDirPath = "";
			projectRoot = "";
			targets = (
				053DA23C225653DB0099A950 /* CoreDataPractice */,
				053DA253225653DC0099A950 /* CoreDataPracticeTests */,
				053DA25E225653DC0099A950 /* CoreDataPracticeUITests */,
			);
		};
/* End PBXProject section */

/* Begin PBXResourcesBuildPhase section */
		053DA23B225653DB0099A950 /* Resources */ = {
			isa = PBXResourcesBuildPhase;
			buildActionMask = 2147483647;
			files = (
				053DA24E225653DC0099A950 /* LaunchScreen.storyboard in Resources */,
				053DA24B225653DC0099A950 /* Assets.xcassets in Resources */,
				053DA246225653DB0099A950 /* Main.storyboard in Resources */,
			);
			runOnlyForDeploymentPostprocessing = 0;
		};
		053DA252225653DC0099A950 /* Resources */ = {
			isa = PBXResourcesBuildPhase;
			buildActionMask = 2147483647;
			files = (
			);
			runOnlyForDeploymentPostprocessing = 0;
		};
		053DA25D225653DC0099A950 /* Resources */ = {
			isa = PBXResourcesBuildPhase;
			buildActionMask = 2147483647;
			files = (
			);
			runOnlyForDeploymentPostprocessing = 0;
		};
/* End PBXResourcesBuildPhase section */

/* Begin PBXSourcesBuildPhase section */
		053DA239225653DB0099A950 /* Sources */ = {
			isa = PBXSourcesBuildPhase;
			buildActionMask = 2147483647;
			files = (
				053DA27822569ACA0099A950 /* CategoryViewController.swift in Sources */,
				053DA243225653DB0099A950 /* TodoListViewController.swift in Sources */,
				053DA249225653DB0099A950 /* CoreDataPractice.xcdatamodeld in Sources */,
				053DA241225653DB0099A950 /* AppDelegate.swift in Sources */,
			);
			runOnlyForDeploymentPostprocessing = 0;
		};
		053DA250225653DC0099A950 /* Sources */ = {
			isa = PBXSourcesBuildPhase;
			buildActionMask = 2147483647;
			files = (
				053DA259225653DC0099A950 /* CoreDataPracticeTests.swift in Sources */,
			);
			runOnlyForDeploymentPostprocessing = 0;
		};
		053DA25B225653DC0099A950 /* Sources */ = {
			isa = PBXSourcesBuildPhase;
			buildActionMask = 2147483647;
			files = (
				053DA264225653DC0099A950 /* CoreDataPracticeUITests.swift in Sources */,
			);
			runOnlyForDeploymentPostprocessing = 0;
		};
/* End PBXSourcesBuildPhase section */

/* Begin PBXTargetDependency section */
		053DA256225653DC0099A950 /* PBXTargetDependency */ = {
			isa = PBXTargetDependency;
			target = 053DA23C225653DB0099A950 /* CoreDataPractice */;
			targetProxy = 053DA255225653DC0099A950 /* PBXContainerItemProxy */;
		};
		053DA261225653DC0099A950 /* PBXTargetDependency */ = {
			isa = PBXTargetDependency;
			target = 053DA23C225653DB0099A950 /* CoreDataPractice */;
			targetProxy = 053DA260225653DC0099A950 /* PBXContainerItemProxy */;
		};
/* End PBXTargetDependency section */

/* Begin PBXVariantGroup section */
		053DA244225653DB0099A950 /* Main.storyboard */ = {
			isa = PBXVariantGroup;
			children = (
				053DA245225653DB0099A950 /* Base */,
			);
			name = Main.storyboard;
			sourceTree = "<group>";
		};
		053DA24C225653DC0099A950 /* LaunchScreen.storyboard */ = {
			isa = PBXVariantGroup;
			children = (
				053DA24D225653DC0099A950 /* Base */,
			);
			name = LaunchScreen.storyboard;
			sourceTree = "<group>";
		};
/* End PBXVariantGroup section */

/* Begin XCBuildConfiguration section */
		053DA266225653DC0099A950 /* Debug */ = {
			isa = XCBuildConfiguration;
			buildSettings = {
				ALWAYS_SEARCH_USER_PATHS = NO;
				CLANG_ANALYZER_NONNULL = YES;
				CLANG_ANALYZER_NUMBER_OBJECT_CONVERSION = YES_AGGRESSIVE;
				CLANG_CXX_LANGUAGE_STANDARD = "gnu++14";
				CLANG_CXX_LIBRARY = "libc++";
				CLANG_ENABLE_MODULES = YES;
				CLANG_ENABLE_OBJC_ARC = YES;
				CLANG_ENABLE_OBJC_WEAK = YES;
				CLANG_WARN_BLOCK_CAPTURE_AUTORELEASING = YES;
				CLANG_WARN_BOOL_CONVERSION = YES;
				CLANG_WARN_COMMA = YES;
				CLANG_WARN_CONSTANT_CONVERSION = YES;
				CLANG_WARN_DEPRECATED_OBJC_IMPLEMENTATIONS = YES;
				CLANG_WARN_DIRECT_OBJC_ISA_USAGE = YES_ERROR;
				CLANG_WARN_DOCUMENTATION_COMMENTS = YES;
				CLANG_WARN_EMPTY_BODY = YES;
				CLANG_WARN_ENUM_CONVERSION = YES;
				CLANG_WARN_INFINITE_RECURSION = YES;
				CLANG_WARN_INT_CONVERSION = YES;
				CLANG_WARN_NON_LITERAL_NULL_CONVERSION = YES;
				CLANG_WARN_OBJC_IMPLICIT_RETAIN_SELF = YES;
				CLANG_WARN_OBJC_LITERAL_CONVERSION = YES;
				CLANG_WARN_OBJC_ROOT_CLASS = YES_ERROR;
				CLANG_WARN_RANGE_LOOP_ANALYSIS = YES;
				CLANG_WARN_STRICT_PROTOTYPES = YES;
				CLANG_WARN_SUSPICIOUS_MOVE = YES;
				CLANG_WARN_UNGUARDED_AVAILABILITY = YES_AGGRESSIVE;
				CLANG_WARN_UNREACHABLE_CODE = YES;
				CLANG_WARN__DUPLICATE_METHOD_MATCH = YES;
				CODE_SIGN_IDENTITY = "iPhone Developer";
				COPY_PHASE_STRIP = NO;
				DEBUG_INFORMATION_FORMAT = dwarf;
				ENABLE_STRICT_OBJC_MSGSEND = YES;
				ENABLE_TESTABILITY = YES;
				GCC_C_LANGUAGE_STANDARD = gnu11;
				GCC_DYNAMIC_NO_PIC = NO;
				GCC_NO_COMMON_BLOCKS = YES;
				GCC_OPTIMIZATION_LEVEL = 0;
				GCC_PREPROCESSOR_DEFINITIONS = (
					"DEBUG=1",
					"$(inherited)",
				);
				GCC_WARN_64_TO_32_BIT_CONVERSION = YES;
				GCC_WARN_ABOUT_RETURN_TYPE = YES_ERROR;
				GCC_WARN_UNDECLARED_SELECTOR = YES;
				GCC_WARN_UNINITIALIZED_AUTOS = YES_AGGRESSIVE;
				GCC_WARN_UNUSED_FUNCTION = YES;
				GCC_WARN_UNUSED_VARIABLE = YES;
				IPHONEOS_DEPLOYMENT_TARGET = 12.2;
				MTL_ENABLE_DEBUG_INFO = INCLUDE_SOURCE;
				MTL_FAST_MATH = YES;
				ONLY_ACTIVE_ARCH = YES;
				SDKROOT = iphoneos;
				SWIFT_ACTIVE_COMPILATION_CONDITIONS = DEBUG;
				SWIFT_OPTIMIZATION_LEVEL = "-Onone";
			};
			name = Debug;
		};
		053DA267225653DC0099A950 /* Release */ = {
			isa = XCBuildConfiguration;
			buildSettings = {
				ALWAYS_SEARCH_USER_PATHS = NO;
				CLANG_ANALYZER_NONNULL = YES;
				CLANG_ANALYZER_NUMBER_OBJECT_CONVERSION = YES_AGGRESSIVE;
				CLANG_CXX_LANGUAGE_STANDARD = "gnu++14";
				CLANG_CXX_LIBRARY = "libc++";
				CLANG_ENABLE_MODULES = YES;
				CLANG_ENABLE_OBJC_ARC = YES;
				CLANG_ENABLE_OBJC_WEAK = YES;
				CLANG_WARN_BLOCK_CAPTURE_AUTORELEASING = YES;
				CLANG_WARN_BOOL_CONVERSION = YES;
				CLANG_WARN_COMMA = YES;
				CLANG_WARN_CONSTANT_CONVERSION = YES;
				CLANG_WARN_DEPRECATED_OBJC_IMPLEMENTATIONS = YES;
				CLANG_WARN_DIRECT_OBJC_ISA_USAGE = YES_ERROR;
				CLANG_WARN_DOCUMENTATION_COMMENTS = YES;
				CLANG_WARN_EMPTY_BODY = YES;
				CLANG_WARN_ENUM_CONVERSION = YES;
				CLANG_WARN_INFINITE_RECURSION = YES;
				CLANG_WARN_INT_CONVERSION = YES;
				CLANG_WARN_NON_LITERAL_NULL_CONVERSION = YES;
				CLANG_WARN_OBJC_IMPLICIT_RETAIN_SELF = YES;
				CLANG_WARN_OBJC_LITERAL_CONVERSION = YES;
				CLANG_WARN_OBJC_ROOT_CLASS = YES_ERROR;
				CLANG_WARN_RANGE_LOOP_ANALYSIS = YES;
				CLANG_WARN_STRICT_PROTOTYPES = YES;
				CLANG_WARN_SUSPICIOUS_MOVE = YES;
				CLANG_WARN_UNGUARDED_AVAILABILITY = YES_AGGRESSIVE;
				CLANG_WARN_UNREACHABLE_CODE = YES;
				CLANG_WARN__DUPLICATE_METHOD_MATCH = YES;
				CODE_SIGN_IDENTITY = "iPhone Developer";
				COPY_PHASE_STRIP = NO;
				DEBUG_INFORMATION_FORMAT = "dwarf-with-dsym";
				ENABLE_NS_ASSERTIONS = NO;
				ENABLE_STRICT_OBJC_MSGSEND = YES;
				GCC_C_LANGUAGE_STANDARD = gnu11;
				GCC_NO_COMMON_BLOCKS = YES;
				GCC_WARN_64_TO_32_BIT_CONVERSION = YES;
				GCC_WARN_ABOUT_RETURN_TYPE = YES_ERROR;
				GCC_WARN_UNDECLARED_SELECTOR = YES;
				GCC_WARN_UNINITIALIZED_AUTOS = YES_AGGRESSIVE;
				GCC_WARN_UNUSED_FUNCTION = YES;
				GCC_WARN_UNUSED_VARIABLE = YES;
				IPHONEOS_DEPLOYMENT_TARGET = 12.2;
				MTL_ENABLE_DEBUG_INFO = NO;
				MTL_FAST_MATH = YES;
				SDKROOT = iphoneos;
				SWIFT_COMPILATION_MODE = wholemodule;
				SWIFT_OPTIMIZATION_LEVEL = "-O";
				VALIDATE_PRODUCT = YES;
			};
			name = Release;
		};
		053DA269225653DC0099A950 /* Debug */ = {
			isa = XCBuildConfiguration;
			buildSettings = {
				ASSETCATALOG_COMPILER_APPICON_NAME = AppIcon;
				CODE_SIGN_STYLE = Automatic;
				DEVELOPMENT_TEAM = Q5Z57QH4B2;
				INFOPLIST_FILE = CoreDataPractice/Info.plist;
				LD_RUNPATH_SEARCH_PATHS = (
					"$(inherited)",
					"@executable_path/Frameworks",
				);
				PRODUCT_BUNDLE_IDENTIFIER = com.test.adsfadsfadsf.CoreDataPractice;
				PRODUCT_NAME = "$(TARGET_NAME)";
				SWIFT_VERSION = 5.0;
				TARGETED_DEVICE_FAMILY = "1,2";
			};
			name = Debug;
		};
		053DA26A225653DC0099A950 /* Release */ = {
			isa = XCBuildConfiguration;
			buildSettings = {
				ASSETCATALOG_COMPILER_APPICON_NAME = AppIcon;
				CODE_SIGN_STYLE = Automatic;
				DEVELOPMENT_TEAM = Q5Z57QH4B2;
				INFOPLIST_FILE = CoreDataPractice/Info.plist;
				LD_RUNPATH_SEARCH_PATHS = (
					"$(inherited)",
					"@executable_path/Frameworks",
				);
				PRODUCT_BUNDLE_IDENTIFIER = com.test.adsfadsfadsf.CoreDataPractice;
				PRODUCT_NAME = "$(TARGET_NAME)";
				SWIFT_VERSION = 5.0;
				TARGETED_DEVICE_FAMILY = "1,2";
			};
			name = Release;
		};
		053DA26C225653DC0099A950 /* Debug */ = {
			isa = XCBuildConfiguration;
			buildSettings = {
				ALWAYS_EMBED_SWIFT_STANDARD_LIBRARIES = YES;
				BUNDLE_LOADER = "$(TEST_HOST)";
				CODE_SIGN_STYLE = Automatic;
				DEVELOPMENT_TEAM = Q5Z57QH4B2;
				INFOPLIST_FILE = CoreDataPracticeTests/Info.plist;
				LD_RUNPATH_SEARCH_PATHS = (
					"$(inherited)",
					"@executable_path/Frameworks",
					"@loader_path/Frameworks",
				);
				PRODUCT_BUNDLE_IDENTIFIER = com.test.adsfadsfadsf.CoreDataPracticeTests;
				PRODUCT_NAME = "$(TARGET_NAME)";
				SWIFT_VERSION = 5.0;
				TARGETED_DEVICE_FAMILY = "1,2";
				TEST_HOST = "$(BUILT_PRODUCTS_DIR)/CoreDataPractice.app/CoreDataPractice";
			};
			name = Debug;
		};
		053DA26D225653DC0099A950 /* Release */ = {
			isa = XCBuildConfiguration;
			buildSettings = {
				ALWAYS_EMBED_SWIFT_STANDARD_LIBRARIES = YES;
				BUNDLE_LOADER = "$(TEST_HOST)";
				CODE_SIGN_STYLE = Automatic;
				DEVELOPMENT_TEAM = Q5Z57QH4B2;
				INFOPLIST_FILE = CoreDataPracticeTests/Info.plist;
				LD_RUNPATH_SEARCH_PATHS = (
					"$(inherited)",
					"@executable_path/Frameworks",
					"@loader_path/Frameworks",
				);
				PRODUCT_BUNDLE_IDENTIFIER = com.test.adsfadsfadsf.CoreDataPracticeTests;
				PRODUCT_NAME = "$(TARGET_NAME)";
				SWIFT_VERSION = 5.0;
				TARGETED_DEVICE_FAMILY = "1,2";
				TEST_HOST = "$(BUILT_PRODUCTS_DIR)/CoreDataPractice.app/CoreDataPractice";
			};
			name = Release;
		};
		053DA26F225653DC0099A950 /* Debug */ = {
			isa = XCBuildConfiguration;
			buildSettings = {
				ALWAYS_EMBED_SWIFT_STANDARD_LIBRARIES = YES;
				CODE_SIGN_STYLE = Automatic;
				DEVELOPMENT_TEAM = Q5Z57QH4B2;
				INFOPLIST_FILE = CoreDataPracticeUITests/Info.plist;
				LD_RUNPATH_SEARCH_PATHS = (
					"$(inherited)",
					"@executable_path/Frameworks",
					"@loader_path/Frameworks",
				);
				PRODUCT_BUNDLE_IDENTIFIER = com.test.adsfadsfadsf.CoreDataPracticeUITests;
				PRODUCT_NAME = "$(TARGET_NAME)";
				SWIFT_VERSION = 5.0;
				TARGETED_DEVICE_FAMILY = "1,2";
				TEST_TARGET_NAME = CoreDataPractice;
			};
			name = Debug;
		};
		053DA270225653DC0099A950 /* Release */ = {
			isa = XCBuildConfiguration;
			buildSettings = {
				ALWAYS_EMBED_SWIFT_STANDARD_LIBRARIES = YES;
				CODE_SIGN_STYLE = Automatic;
				DEVELOPMENT_TEAM = Q5Z57QH4B2;
				INFOPLIST_FILE = CoreDataPracticeUITests/Info.plist;
				LD_RUNPATH_SEARCH_PATHS = (
					"$(inherited)",
					"@executable_path/Frameworks",
					"@loader_path/Frameworks",
				);
				PRODUCT_BUNDLE_IDENTIFIER = com.test.adsfadsfadsf.CoreDataPracticeUITests;
				PRODUCT_NAME = "$(TARGET_NAME)";
				SWIFT_VERSION = 5.0;
				TARGETED_DEVICE_FAMILY = "1,2";
				TEST_TARGET_NAME = CoreDataPractice;
			};
			name = Release;
		};
/* End XCBuildConfiguration section */

/* Begin XCConfigurationList section */
		053DA238225653DB0099A950 /* Build configuration list for PBXProject "CoreDataPractice" */ = {
			isa = XCConfigurationList;
			buildConfigurations = (
				053DA266225653DC0099A950 /* Debug */,
				053DA267225653DC0099A950 /* Release */,
			);
			defaultConfigurationIsVisible = 0;
			defaultConfigurationName = Release;
		};
		053DA268225653DC0099A950 /* Build configuration list for PBXNativeTarget "CoreDataPractice" */ = {
			isa = XCConfigurationList;
			buildConfigurations = (
				053DA269225653DC0099A950 /* Debug */,
				053DA26A225653DC0099A950 /* Release */,
			);
			defaultConfigurationIsVisible = 0;
			defaultConfigurationName = Release;
		};
		053DA26B225653DC0099A950 /* Build configuration list for PBXNativeTarget "CoreDataPracticeTests" */ = {
			isa = XCConfigurationList;
			buildConfigurations = (
				053DA26C225653DC0099A950 /* Debug */,
				053DA26D225653DC0099A950 /* Release */,
			);
			defaultConfigurationIsVisible = 0;
			defaultConfigurationName = Release;
		};
		053DA26E225653DC0099A950 /* Build configuration list for PBXNativeTarget "CoreDataPracticeUITests" */ = {
			isa = XCConfigurationList;
			buildConfigurations = (
				053DA26F225653DC0099A950 /* Debug */,
				053DA270225653DC0099A950 /* Release */,
			);
			defaultConfigurationIsVisible = 0;
			defaultConfigurationName = Release;
		};
/* End XCConfigurationList section */

/* Begin XCVersionGroup section */
		053DA247225653DB0099A950 /* CoreDataPractice.xcdatamodeld */ = {
			isa = XCVersionGroup;
			children = (
				053DA248225653DB0099A950 /* CoreDataPractice.xcdatamodel */,
			);
			currentVersion = 053DA248225653DB0099A950 /* CoreDataPractice.xcdatamodel */;
			path = CoreDataPractice.xcdatamodeld;
			sourceTree = "<group>";
			versionGroupType = wrapper.xcdatamodel;
		};
/* End XCVersionGroup section */
	};
	rootObject = 053DA235225653DB0099A950 /* Project object */;
}
